version = 1
revision = 3
requires-python = ">=3.11"
resolution-markers = [
    "python_full_version >= '3.14'",
    "python_full_version == '3.13.*'",
    "python_full_version < '3.13'",
]

[[package]]
name = "mypy"
version = "1.14.1"
source = { registry = "https://pypi.org/simple" }
dependencies = [
    { name = "mypy-extensions" },
    { name = "typing-extensions" },
]
sdist = { url = "https://files.pythonhosted.org/packages/b9/eb/2c92d8ea1e684440f54fa49ac5d9a5f19967b7b472a281f419e69a8d228e/mypy-1.14.1.tar.gz", hash = "sha256:7ec88144fe9b510e8475ec2f5f251992690fcf89ccb4500b214b4226abcd32d6", size = 3216051, upload-time = "2024-12-30T16:39:07.335Z" }
wheels = [
    { url = "https://files.pythonhosted.org/packages/da/11/a9422850fd506edbcdc7f6090682ecceaf1f87b9dd847f9df79942da8506/mypy-1.14.1-cp311-cp311-macosx_10_9_x86_64.whl", hash = "sha256:f995e511de847791c3b11ed90084a7a0aafdc074ab88c5a9711622fe4751138c", size = 11120432, upload-time = "2024-12-30T16:37:11.533Z" },
    { url = "https://files.pythonhosted.org/packages/b6/9e/47e450fd39078d9c02d620545b2cb37993a8a8bdf7db3652ace2f80521ca/mypy-1.14.1-cp311-cp311-macosx_11_0_arm64.whl", hash = "sha256:d64169ec3b8461311f8ce2fd2eb5d33e2d0f2c7b49116259c51d0d96edee48d1", size = 10279515, upload-time = "2024-12-30T16:37:40.724Z" },
    { url = "https://files.pythonhosted.org/packages/01/b5/6c8d33bd0f851a7692a8bfe4ee75eb82b6983a3cf39e5e32a5d2a723f0c1/mypy-1.14.1-cp311-cp311-manylinux_2_17_aarch64.manylinux2014_aarch64.manylinux_2_28_aarch64.whl", hash = "sha256:ba24549de7b89b6381b91fbc068d798192b1b5201987070319889e93038967a8", size = 12025791, upload-time = "2024-12-30T16:36:58.73Z" },
    { url = "https://files.pythonhosted.org/packages/f0/4c/e10e2c46ea37cab5c471d0ddaaa9a434dc1d28650078ac1b56c2d7b9b2e4/mypy-1.14.1-cp311-cp311-manylinux_2_17_x86_64.manylinux2014_x86_64.manylinux_2_28_x86_64.whl", hash = "sha256:183cf0a45457d28ff9d758730cd0210419ac27d4d3f285beda038c9083363b1f", size = 12749203, upload-time = "2024-12-30T16:37:03.741Z" },
    { url = "https://files.pythonhosted.org/packages/88/55/beacb0c69beab2153a0f57671ec07861d27d735a0faff135a494cd4f5020/mypy-1.14.1-cp311-cp311-musllinux_1_2_x86_64.whl", hash = "sha256:f2a0ecc86378f45347f586e4163d1769dd81c5a223d577fe351f26b179e148b1", size = 12885900, upload-time = "2024-12-30T16:37:57.948Z" },
    { url = "https://files.pythonhosted.org/packages/a2/75/8c93ff7f315c4d086a2dfcde02f713004357d70a163eddb6c56a6a5eff40/mypy-1.14.1-cp311-cp311-win_amd64.whl", hash = "sha256:ad3301ebebec9e8ee7135d8e3109ca76c23752bac1e717bc84cd3836b4bf3eae", size = 9777869, upload-time = "2024-12-30T16:37:33.428Z" },
    { url = "https://files.pythonhosted.org/packages/43/1b/b38c079609bb4627905b74fc6a49849835acf68547ac33d8ceb707de5f52/mypy-1.14.1-cp312-cp312-macosx_10_13_x86_64.whl", hash = "sha256:30ff5ef8519bbc2e18b3b54521ec319513a26f1bba19a7582e7b1f58a6e69f14", size = 11266668, upload-time = "2024-12-30T16:38:02.211Z" },
    { url = "https://files.pythonhosted.org/packages/6b/75/2ed0d2964c1ffc9971c729f7a544e9cd34b2cdabbe2d11afd148d7838aa2/mypy-1.14.1-cp312-cp312-macosx_11_0_arm64.whl", hash = "sha256:cb9f255c18052343c70234907e2e532bc7e55a62565d64536dbc7706a20b78b9", size = 10254060, upload-time = "2024-12-30T16:37:46.131Z" },
    { url = "https://files.pythonhosted.org/packages/a1/5f/7b8051552d4da3c51bbe8fcafffd76a6823779101a2b198d80886cd8f08e/mypy-1.14.1-cp312-cp312-manylinux_2_17_aarch64.manylinux2014_aarch64.manylinux_2_28_aarch64.whl", hash = "sha256:8b4e3413e0bddea671012b063e27591b953d653209e7a4fa5e48759cda77ca11", size = 11933167, upload-time = "2024-12-30T16:37:43.534Z" },
    { url = "https://files.pythonhosted.org/packages/04/90/f53971d3ac39d8b68bbaab9a4c6c58c8caa4d5fd3d587d16f5927eeeabe1/mypy-1.14.1-cp312-cp312-manylinux_2_17_x86_64.manylinux2014_x86_64.manylinux_2_28_x86_64.whl", hash = "sha256:553c293b1fbdebb6c3c4030589dab9fafb6dfa768995a453d8a5d3b23784af2e", size = 12864341, upload-time = "2024-12-30T16:37:36.249Z" },
    { url = "https://files.pythonhosted.org/packages/03/d2/8bc0aeaaf2e88c977db41583559319f1821c069e943ada2701e86d0430b7/mypy-1.14.1-cp312-cp312-musllinux_1_2_x86_64.whl", hash = "sha256:fad79bfe3b65fe6a1efaed97b445c3d37f7be9fdc348bdb2d7cac75579607c89", size = 12972991, upload-time = "2024-12-30T16:37:06.743Z" },
    { url = "https://files.pythonhosted.org/packages/6f/17/07815114b903b49b0f2cf7499f1c130e5aa459411596668267535fe9243c/mypy-1.14.1-cp312-cp312-win_amd64.whl", hash = "sha256:8fa2220e54d2946e94ab6dbb3ba0a992795bd68b16dc852db33028df2b00191b", size = 9879016, upload-time = "2024-12-30T16:37:15.02Z" },
    { url = "https://files.pythonhosted.org/packages/9e/15/bb6a686901f59222275ab228453de741185f9d54fecbaacec041679496c6/mypy-1.14.1-cp313-cp313-macosx_10_13_x86_64.whl", hash = "sha256:92c3ed5afb06c3a8e188cb5da4984cab9ec9a77ba956ee419c68a388b4595255", size = 11252097, upload-time = "2024-12-30T16:37:25.144Z" },
    { url = "https://files.pythonhosted.org/packages/f8/b3/8b0f74dfd072c802b7fa368829defdf3ee1566ba74c32a2cb2403f68024c/mypy-1.14.1-cp313-cp313-macosx_11_0_arm64.whl", hash = "sha256:dbec574648b3e25f43d23577309b16534431db4ddc09fda50841f1e34e64ed34", size = 10239728, upload-time = "2024-12-30T16:38:08.634Z" },
    { url = "https://files.pythonhosted.org/packages/c5/9b/4fd95ab20c52bb5b8c03cc49169be5905d931de17edfe4d9d2986800b52e/mypy-1.14.1-cp313-cp313-manylinux_2_17_aarch64.manylinux2014_aarch64.manylinux_2_28_aarch64.whl", hash = "sha256:8c6d94b16d62eb3e947281aa7347d78236688e21081f11de976376cf010eb31a", size = 11924965, upload-time = "2024-12-30T16:38:12.132Z" },
    { url = "https://files.pythonhosted.org/packages/56/9d/4a236b9c57f5d8f08ed346914b3f091a62dd7e19336b2b2a0d85485f82ff/mypy-1.14.1-cp313-cp313-manylinux_2_17_x86_64.manylinux2014_x86_64.manylinux_2_28_x86_64.whl", hash = "sha256:d4b19b03fdf54f3c5b2fa474c56b4c13c9dbfb9a2db4370ede7ec11a2c5927d9", size = 12867660, upload-time = "2024-12-30T16:38:17.342Z" },
    { url = "https://files.pythonhosted.org/packages/40/88/a61a5497e2f68d9027de2bb139c7bb9abaeb1be1584649fa9d807f80a338/mypy-1.14.1-cp313-cp313-musllinux_1_2_x86_64.whl", hash = "sha256:0c911fde686394753fff899c409fd4e16e9b294c24bfd5e1ea4675deae1ac6fd", size = 12969198, upload-time = "2024-12-30T16:38:32.839Z" },
    { url = "https://files.pythonhosted.org/packages/54/da/3d6fc5d92d324701b0c23fb413c853892bfe0e1dbe06c9138037d459756b/mypy-1.14.1-cp313-cp313-win_amd64.whl", hash = "sha256:8b21525cb51671219f5307be85f7e646a153e5acc656e5cebf64bfa076c50107", size = 9885276, upload-time = "2024-12-30T16:38:20.828Z" },
    { url = "https://files.pythonhosted.org/packages/a0/b5/32dd67b69a16d088e533962e5044e51004176a9952419de0370cdaead0f8/mypy-1.14.1-py3-none-any.whl", hash = "sha256:b66a60cc4073aeb8ae00057f9c1f64d49e90f918fbcef9a977eb121da8b8f1d1", size = 2752905, upload-time = "2024-12-30T16:38:42.021Z" },
]

[[package]]
name = "mypy-extensions"
version = "1.0.0"
source = { registry = "https://pypi.org/simple" }
sdist = { url = "https://files.pythonhosted.org/packages/98/a4/1ab47638b92648243faf97a5aeb6ea83059cc3624972ab6b8d2316078d3f/mypy_extensions-1.0.0.tar.gz", hash = "sha256:75dbf8955dc00442a438fc4d0666508a9a97b6bd41aa2f0ffe9d2f2725af0782", size = 4433, upload-time = "2023-02-04T12:11:27.157Z" }
wheels = [
    { url = "https://files.pythonhosted.org/packages/2a/e2/5d3f6ada4297caebe1a2add3b126fe800c96f56dbe5d1988a2cbe0b267aa/mypy_extensions-1.0.0-py3-none-any.whl", hash = "sha256:4392f6c0eb8a5668a69e23d168ffa70f0be9ccfd32b5cc2d26a34ae5b844552d", size = 4695, upload-time = "2023-02-04T12:11:25.002Z" },
]

[[package]]
name = "pastel"
version = "0.2.1"
source = { registry = "https://pypi.org/simple" }
sdist = { url = "https://files.pythonhosted.org/packages/76/f1/4594f5e0fcddb6953e5b8fe00da8c317b8b41b547e2b3ae2da7512943c62/pastel-0.2.1.tar.gz", hash = "sha256:e6581ac04e973cac858828c6202c1e1e81fee1dc7de7683f3e1ffe0bfd8a573d", size = 7555, upload-time = "2020-09-16T19:21:12.43Z" }
wheels = [
    { url = "https://files.pythonhosted.org/packages/aa/18/a8444036c6dd65ba3624c63b734d3ba95ba63ace513078e1580590075d21/pastel-0.2.1-py2.py3-none-any.whl", hash = "sha256:4349225fcdf6c2bb34d483e523475de5bb04a5c10ef711263452cb37d7dd4364", size = 5955, upload-time = "2020-09-16T19:21:11.409Z" },
]

[[package]]
name = "poethepoet"
version = "0.36.0"
source = { registry = "https://pypi.org/simple" }
dependencies = [
    { name = "pastel" },
    { name = "pyyaml" },
]
sdist = { url = "https://files.pythonhosted.org/packages/cf/ac/311c8a492dc887f0b7a54d0ec3324cb2f9538b7b78ea06e5f7ae1f167e52/poethepoet-0.36.0.tar.gz", hash = "sha256:2217b49cb4e4c64af0b42ff8c4814b17f02e107d38bc461542517348ede25663", size = 66854, upload-time = "2025-06-29T19:54:50.444Z" }
wheels = [
    { url = "https://files.pythonhosted.org/packages/03/29/dedb3a6b7e17ea723143b834a2da428a7d743c80d5cd4d22ed28b5e8c441/poethepoet-0.36.0-py3-none-any.whl", hash = "sha256:693e3c1eae9f6731d3613c3c0c40f747d3c5c68a375beda42e590a63c5623308", size = 88031, upload-time = "2025-06-29T19:54:48.884Z" },
]

[[package]]
name = "pyyaml"
version = "6.0.2"
source = { registry = "https://pypi.org/simple" }
sdist = { url = "https://files.pythonhosted.org/packages/54/ed/79a089b6be93607fa5cdaedf301d7dfb23af5f25c398d5ead2525b063e17/pyyaml-6.0.2.tar.gz", hash = "sha256:d584d9ec91ad65861cc08d42e834324ef890a082e591037abe114850ff7bbc3e", size = 130631, upload-time = "2024-08-06T20:33:50.674Z" }
wheels = [
    { url = "https://files.pythonhosted.org/packages/f8/aa/7af4e81f7acba21a4c6be026da38fd2b872ca46226673c89a758ebdc4fd2/PyYAML-6.0.2-cp311-cp311-macosx_10_9_x86_64.whl", hash = "sha256:cc1c1159b3d456576af7a3e4d1ba7e6924cb39de8f67111c735f6fc832082774", size = 184612, upload-time = "2024-08-06T20:32:03.408Z" },
    { url = "https://files.pythonhosted.org/packages/8b/62/b9faa998fd185f65c1371643678e4d58254add437edb764a08c5a98fb986/PyYAML-6.0.2-cp311-cp311-macosx_11_0_arm64.whl", hash = "sha256:1e2120ef853f59c7419231f3bf4e7021f1b936f6ebd222406c3b60212205d2ee", size = 172040, upload-time = "2024-08-06T20:32:04.926Z" },
    { url = "https://files.pythonhosted.org/packages/ad/0c/c804f5f922a9a6563bab712d8dcc70251e8af811fce4524d57c2c0fd49a4/PyYAML-6.0.2-cp311-cp311-manylinux_2_17_aarch64.manylinux2014_aarch64.whl", hash = "sha256:5d225db5a45f21e78dd9358e58a98702a0302f2659a3c6cd320564b75b86f47c", size = 736829, upload-time = "2024-08-06T20:32:06.459Z" },
    { url = "https://files.pythonhosted.org/packages/51/16/6af8d6a6b210c8e54f1406a6b9481febf9c64a3109c541567e35a49aa2e7/PyYAML-6.0.2-cp311-cp311-manylinux_2_17_s390x.manylinux2014_s390x.whl", hash = "sha256:5ac9328ec4831237bec75defaf839f7d4564be1e6b25ac710bd1a96321cc8317", size = 764167, upload-time = "2024-08-06T20:32:08.338Z" },
    { url = "https://files.pythonhosted.org/packages/75/e4/2c27590dfc9992f73aabbeb9241ae20220bd9452df27483b6e56d3975cc5/PyYAML-6.0.2-cp311-cp311-manylinux_2_17_x86_64.manylinux2014_x86_64.whl", hash = "sha256:3ad2a3decf9aaba3d29c8f537ac4b243e36bef957511b4766cb0057d32b0be85", size = 762952, upload-time = "2024-08-06T20:32:14.124Z" },
    { url = "https://files.pythonhosted.org/packages/9b/97/ecc1abf4a823f5ac61941a9c00fe501b02ac3ab0e373c3857f7d4b83e2b6/PyYAML-6.0.2-cp311-cp311-musllinux_1_1_aarch64.whl", hash = "sha256:ff3824dc5261f50c9b0dfb3be22b4567a6f938ccce4587b38952d85fd9e9afe4", size = 735301, upload-time = "2024-08-06T20:32:16.17Z" },
    { url = "https://files.pythonhosted.org/packages/45/73/0f49dacd6e82c9430e46f4a027baa4ca205e8b0a9dce1397f44edc23559d/PyYAML-6.0.2-cp311-cp311-musllinux_1_1_x86_64.whl", hash = "sha256:797b4f722ffa07cc8d62053e4cff1486fa6dc094105d13fea7b1de7d8bf71c9e", size = 756638, upload-time = "2024-08-06T20:32:18.555Z" },
    { url = "https://files.pythonhosted.org/packages/22/5f/956f0f9fc65223a58fbc14459bf34b4cc48dec52e00535c79b8db361aabd/PyYAML-6.0.2-cp311-cp311-win32.whl", hash = "sha256:11d8f3dd2b9c1207dcaf2ee0bbbfd5991f571186ec9cc78427ba5bd32afae4b5", size = 143850, upload-time = "2024-08-06T20:32:19.889Z" },
    { url = "https://files.pythonhosted.org/packages/ed/23/8da0bbe2ab9dcdd11f4f4557ccaf95c10b9811b13ecced089d43ce59c3c8/PyYAML-6.0.2-cp311-cp311-win_amd64.whl", hash = "sha256:e10ce637b18caea04431ce14fabcf5c64a1c61ec9c56b071a4b7ca131ca52d44", size = 161980, upload-time = "2024-08-06T20:32:21.273Z" },
    { url = "https://files.pythonhosted.org/packages/86/0c/c581167fc46d6d6d7ddcfb8c843a4de25bdd27e4466938109ca68492292c/PyYAML-6.0.2-cp312-cp312-macosx_10_9_x86_64.whl", hash = "sha256:c70c95198c015b85feafc136515252a261a84561b7b1d51e3384e0655ddf25ab", size = 183873, upload-time = "2024-08-06T20:32:25.131Z" },
    { url = "https://files.pythonhosted.org/packages/a8/0c/38374f5bb272c051e2a69281d71cba6fdb983413e6758b84482905e29a5d/PyYAML-6.0.2-cp312-cp312-macosx_11_0_arm64.whl", hash = "sha256:ce826d6ef20b1bc864f0a68340c8b3287705cae2f8b4b1d932177dcc76721725", size = 173302, upload-time = "2024-08-06T20:32:26.511Z" },
    { url = "https://files.pythonhosted.org/packages/c3/93/9916574aa8c00aa06bbac729972eb1071d002b8e158bd0e83a3b9a20a1f7/PyYAML-6.0.2-cp312-cp312-manylinux_2_17_aarch64.manylinux2014_aarch64.whl", hash = "sha256:1f71ea527786de97d1a0cc0eacd1defc0985dcf6b3f17bb77dcfc8c34bec4dc5", size = 739154, upload-time = "2024-08-06T20:32:28.363Z" },
    { url = "https://files.pythonhosted.org/packages/95/0f/b8938f1cbd09739c6da569d172531567dbcc9789e0029aa070856f123984/PyYAML-6.0.2-cp312-cp312-manylinux_2_17_s390x.manylinux2014_s390x.whl", hash = "sha256:9b22676e8097e9e22e36d6b7bda33190d0d400f345f23d4065d48f4ca7ae0425", size = 766223, upload-time = "2024-08-06T20:32:30.058Z" },
    { url = "https://files.pythonhosted.org/packages/b9/2b/614b4752f2e127db5cc206abc23a8c19678e92b23c3db30fc86ab731d3bd/PyYAML-6.0.2-cp312-cp312-manylinux_2_17_x86_64.manylinux2014_x86_64.whl", hash = "sha256:80bab7bfc629882493af4aa31a4cfa43a4c57c83813253626916b8c7ada83476", size = 767542, upload-time = "2024-08-06T20:32:31.881Z" },
    { url = "https://files.pythonhosted.org/packages/d4/00/dd137d5bcc7efea1836d6264f049359861cf548469d18da90cd8216cf05f/PyYAML-6.0.2-cp312-cp312-musllinux_1_1_aarch64.whl", hash = "sha256:0833f8694549e586547b576dcfaba4a6b55b9e96098b36cdc7ebefe667dfed48", size = 731164, upload-time = "2024-08-06T20:32:37.083Z" },
    { url = "https://files.pythonhosted.org/packages/c9/1f/4f998c900485e5c0ef43838363ba4a9723ac0ad73a9dc42068b12aaba4e4/PyYAML-6.0.2-cp312-cp312-musllinux_1_1_x86_64.whl", hash = "sha256:8b9c7197f7cb2738065c481a0461e50ad02f18c78cd75775628afb4d7137fb3b", size = 756611, upload-time = "2024-08-06T20:32:38.898Z" },
    { url = "https://files.pythonhosted.org/packages/df/d1/f5a275fdb252768b7a11ec63585bc38d0e87c9e05668a139fea92b80634c/PyYAML-6.0.2-cp312-cp312-win32.whl", hash = "sha256:ef6107725bd54b262d6dedcc2af448a266975032bc85ef0172c5f059da6325b4", size = 140591, upload-time = "2024-08-06T20:32:40.241Z" },
    { url = "https://files.pythonhosted.org/packages/0c/e8/4f648c598b17c3d06e8753d7d13d57542b30d56e6c2dedf9c331ae56312e/PyYAML-6.0.2-cp312-cp312-win_amd64.whl", hash = "sha256:7e7401d0de89a9a855c839bc697c079a4af81cf878373abd7dc625847d25cbd8", size = 156338, upload-time = "2024-08-06T20:32:41.93Z" },
    { url = "https://files.pythonhosted.org/packages/ef/e3/3af305b830494fa85d95f6d95ef7fa73f2ee1cc8ef5b495c7c3269fb835f/PyYAML-6.0.2-cp313-cp313-macosx_10_13_x86_64.whl", hash = "sha256:efdca5630322a10774e8e98e1af481aad470dd62c3170801852d752aa7a783ba", size = 181309, upload-time = "2024-08-06T20:32:43.4Z" },
    { url = "https://files.pythonhosted.org/packages/45/9f/3b1c20a0b7a3200524eb0076cc027a970d320bd3a6592873c85c92a08731/PyYAML-6.0.2-cp313-cp313-macosx_11_0_arm64.whl", hash = "sha256:50187695423ffe49e2deacb8cd10510bc361faac997de9efef88badc3bb9e2d1", size = 171679, upload-time = "2024-08-06T20:32:44.801Z" },
    { url = "https://files.pythonhosted.org/packages/7c/9a/337322f27005c33bcb656c655fa78325b730324c78620e8328ae28b64d0c/PyYAML-6.0.2-cp313-cp313-manylinux_2_17_aarch64.manylinux2014_aarch64.whl", hash = "sha256:0ffe8360bab4910ef1b9e87fb812d8bc0a308b0d0eef8c8f44e0254ab3b07133", size = 733428, upload-time = "2024-08-06T20:32:46.432Z" },
    { url = "https://files.pythonhosted.org/packages/a3/69/864fbe19e6c18ea3cc196cbe5d392175b4cf3d5d0ac1403ec3f2d237ebb5/PyYAML-6.0.2-cp313-cp313-manylinux_2_17_s390x.manylinux2014_s390x.whl", hash = "sha256:17e311b6c678207928d649faa7cb0d7b4c26a0ba73d41e99c4fff6b6c3276484", size = 763361, upload-time = "2024-08-06T20:32:51.188Z" },
    { url = "https://files.pythonhosted.org/packages/04/24/b7721e4845c2f162d26f50521b825fb061bc0a5afcf9a386840f23ea19fa/PyYAML-6.0.2-cp313-cp313-manylinux_2_17_x86_64.manylinux2014_x86_64.whl", hash = "sha256:70b189594dbe54f75ab3a1acec5f1e3faa7e8cf2f1e08d9b561cb41b845f69d5", size = 759523, upload-time = "2024-08-06T20:32:53.019Z" },
    { url = "https://files.pythonhosted.org/packages/2b/b2/e3234f59ba06559c6ff63c4e10baea10e5e7df868092bf9ab40e5b9c56b6/PyYAML-6.0.2-cp313-cp313-musllinux_1_1_aarch64.whl", hash = "sha256:41e4e3953a79407c794916fa277a82531dd93aad34e29c2a514c2c0c5fe971cc", size = 726660, upload-time = "2024-08-06T20:32:54.708Z" },
    { url = "https://files.pythonhosted.org/packages/fe/0f/25911a9f080464c59fab9027482f822b86bf0608957a5fcc6eaac85aa515/PyYAML-6.0.2-cp313-cp313-musllinux_1_1_x86_64.whl", hash = "sha256:68ccc6023a3400877818152ad9a1033e3db8625d899c72eacb5a668902e4d652", size = 751597, upload-time = "2024-08-06T20:32:56.985Z" },
    { url = "https://files.pythonhosted.org/packages/14/0d/e2c3b43bbce3cf6bd97c840b46088a3031085179e596d4929729d8d68270/PyYAML-6.0.2-cp313-cp313-win32.whl", hash = "sha256:bc2fa7c6b47d6bc618dd7fb02ef6fdedb1090ec036abab80d4681424b84c1183", size = 140527, upload-time = "2024-08-06T20:33:03.001Z" },
    { url = "https://files.pythonhosted.org/packages/fa/de/02b54f42487e3d3c6efb3f89428677074ca7bf43aae402517bc7cca949f3/PyYAML-6.0.2-cp313-cp313-win_amd64.whl", hash = "sha256:8388ee1976c416731879ac16da0aff3f63b286ffdd57cdeb95f3f2e085687563", size = 156446, upload-time = "2024-08-06T20:33:04.33Z" },
]

[[package]]
name = "ruff"
version = "0.9.1"
source = { registry = "https://pypi.org/simple" }
sdist = { url = "https://files.pythonhosted.org/packages/67/3e/e89f736f01aa9517a97e2e7e0ce8d34a4d8207087b3cfdec95133fee13b5/ruff-0.9.1.tar.gz", hash = "sha256:fd2b25ecaf907d6458fa842675382c8597b3c746a2dde6717fe3415425df0c17", size = 3498844, upload-time = "2025-01-10T18:57:53.896Z" }
wheels = [
    { url = "https://files.pythonhosted.org/packages/dc/05/c3a2e0feb3d5d394cdfd552de01df9d3ec8a3a3771bbff247fab7e668653/ruff-0.9.1-py3-none-linux_armv6l.whl", hash = "sha256:84330dda7abcc270e6055551aca93fdde1b0685fc4fd358f26410f9349cf1743", size = 10645241, upload-time = "2025-01-10T18:56:45.897Z" },
    { url = "https://files.pythonhosted.org/packages/dd/da/59f0a40e5f88ee5c054ad175caaa2319fc96571e1d29ab4730728f2aad4f/ruff-0.9.1-py3-none-macosx_10_12_x86_64.whl", hash = "sha256:3cae39ba5d137054b0e5b472aee3b78a7c884e61591b100aeb544bcd1fc38d4f", size = 10391066, upload-time = "2025-01-10T18:56:52.224Z" },
    { url = "https://files.pythonhosted.org/packages/b7/fe/85e1c1acf0ba04a3f2d54ae61073da030f7a5dc386194f96f3c6ca444a78/ruff-0.9.1-py3-none-macosx_11_0_arm64.whl", hash = "sha256:50c647ff96f4ba288db0ad87048257753733763b409b2faf2ea78b45c8bb7fcb", size = 10012308, upload-time = "2025-01-10T18:56:55.426Z" },
    { url = "https://files.pythonhosted.org/packages/6f/9b/780aa5d4bdca8dcea4309264b8faa304bac30e1ce0bcc910422bfcadd203/ruff-0.9.1-py3-none-manylinux_2_17_aarch64.manylinux2014_aarch64.whl", hash = "sha256:f0c8b149e9c7353cace7d698e1656ffcf1e36e50f8ea3b5d5f7f87ff9986a7ca", size = 10881960, upload-time = "2025-01-10T18:56:59.539Z" },
    { url = "https://files.pythonhosted.org/packages/12/f4/dac4361afbfe520afa7186439e8094e4884ae3b15c8fc75fb2e759c1f267/ruff-0.9.1-py3-none-manylinux_2_17_armv7l.manylinux2014_armv7l.whl", hash = "sha256:beb3298604540c884d8b282fe7625651378e1986c25df51dec5b2f60cafc31ce", size = 10414803, upload-time = "2025-01-10T18:57:04.919Z" },
    { url = "https://files.pythonhosted.org/packages/f0/a2/057a3cb7999513cb78d6cb33a7d1cc6401c82d7332583786e4dad9e38e44/ruff-0.9.1-py3-none-manylinux_2_17_i686.manylinux2014_i686.whl", hash = "sha256:39d0174ccc45c439093971cc06ed3ac4dc545f5e8bdacf9f067adf879544d969", size = 11464929, upload-time = "2025-01-10T18:57:08.146Z" },
    { url = "https://files.pythonhosted.org/packages/eb/c6/1ccfcc209bee465ced4874dcfeaadc88aafcc1ea9c9f31ef66f063c187f0/ruff-0.9.1-py3-none-manylinux_2_17_ppc64.manylinux2014_ppc64.whl", hash = "sha256:69572926c0f0c9912288915214ca9b2809525ea263603370b9e00bed2ba56dbd", size = 12170717, upload-time = "2025-01-10T18:57:12.564Z" },
    { url = "https://files.pythonhosted.org/packages/84/97/4a524027518525c7cf6931e9fd3b2382be5e4b75b2b61bec02681a7685a5/ruff-0.9.1-py3-none-manylinux_2_17_ppc64le.manylinux2014_ppc64le.whl", hash = "sha256:937267afce0c9170d6d29f01fcd1f4378172dec6760a9f4dface48cdabf9610a", size = 11708921, upload-time = "2025-01-10T18:57:17.216Z" },
    { url = "https://files.pythonhosted.org/packages/a6/a4/4e77cf6065c700d5593b25fca6cf725b1ab6d70674904f876254d0112ed0/ruff-0.9.1-py3-none-manylinux_2_17_s390x.manylinux2014_s390x.whl", hash = "sha256:186c2313de946f2c22bdf5954b8dd083e124bcfb685732cfb0beae0c47233d9b", size = 13058074, upload-time = "2025-01-10T18:57:20.57Z" },
    { url = "https://files.pythonhosted.org/packages/f9/d6/fcb78e0531e863d0a952c4c5600cc5cd317437f0e5f031cd2288b117bb37/ruff-0.9.1-py3-none-manylinux_2_17_x86_64.manylinux2014_x86_64.whl", hash = "sha256:3f94942a3bb767675d9a051867c036655fe9f6c8a491539156a6f7e6b5f31831", size = 11281093, upload-time = "2025-01-10T18:57:25.526Z" },
    { url = "https://files.pythonhosted.org/packages/e4/3b/7235bbeff00c95dc2d073cfdbf2b871b5bbf476754c5d277815d286b4328/ruff-0.9.1-py3-none-musllinux_1_2_aarch64.whl", hash = "sha256:728d791b769cc28c05f12c280f99e8896932e9833fef1dd8756a6af2261fd1ab", size = 10882610, upload-time = "2025-01-10T18:57:28.855Z" },
    { url = "https://files.pythonhosted.org/packages/2a/66/5599d23257c61cf038137f82999ca8f9d0080d9d5134440a461bef85b461/ruff-0.9.1-py3-none-musllinux_1_2_armv7l.whl", hash = "sha256:2f312c86fb40c5c02b44a29a750ee3b21002bd813b5233facdaf63a51d9a85e1", size = 10489273, upload-time = "2025-01-10T18:57:32.219Z" },
    { url = "https://files.pythonhosted.org/packages/78/85/de4aa057e2532db0f9761e2c2c13834991e087787b93e4aeb5f1cb10d2df/ruff-0.9.1-py3-none-musllinux_1_2_i686.whl", hash = "sha256:ae017c3a29bee341ba584f3823f805abbe5fe9cd97f87ed07ecbf533c4c88366", size = 11003314, upload-time = "2025-01-10T18:57:35.431Z" },
    { url = "https://files.pythonhosted.org/packages/00/42/afedcaa089116d81447347f76041ff46025849fedb0ed2b187d24cf70fca/ruff-0.9.1-py3-none-musllinux_1_2_x86_64.whl", hash = "sha256:5dc40a378a0e21b4cfe2b8a0f1812a6572fc7b230ef12cd9fac9161aa91d807f", size = 11342982, upload-time = "2025-01-10T18:57:38.642Z" },
    { url = "https://files.pythonhosted.org/packages/39/c6/fe45f3eb27e3948b41a305d8b768e949bf6a39310e9df73f6c576d7f1d9f/ruff-0.9.1-py3-none-win32.whl", hash = "sha256:46ebf5cc106cf7e7378ca3c28ce4293b61b449cd121b98699be727d40b79ba72", size = 8819750, upload-time = "2025-01-10T18:57:41.93Z" },
    { url = "https://files.pythonhosted.org/packages/38/8d/580db77c3b9d5c3d9479e55b0b832d279c30c8f00ab0190d4cd8fc67831c/ruff-0.9.1-py3-none-win_amd64.whl", hash = "sha256:342a824b46ddbcdddd3abfbb332fa7fcaac5488bf18073e841236aadf4ad5c19", size = 9701331, upload-time = "2025-01-10T18:57:46.334Z" },
    { url = "https://files.pythonhosted.org/packages/b2/94/0498cdb7316ed67a1928300dd87d659c933479f44dec51b4f62bfd1f8028/ruff-0.9.1-py3-none-win_arm64.whl", hash = "sha256:1cd76c7f9c679e6e8f2af8f778367dca82b95009bc7b1a85a47f1521ae524fa7", size = 9145708, upload-time = "2025-01-10T18:57:51.308Z" },
]

[[package]]
name = "s2-sdk"
version = "0.0.0"
source = { editable = "." }

[package.dev-dependencies]
dev = [
    { name = "mypy" },
    { name = "poethepoet" },
    { name = "ruff" },
]

[package.metadata]

[package.metadata.requires-dev]
dev = [
    { name = "mypy", specifier = ">=1.14.1" },
    { name = "poethepoet", specifier = ">=0.36.0" },
    { name = "ruff", specifier = ">=0.9.1" },
]

[[package]]
name = "typing-extensions"
version = "4.15.0"
source = { registry = "https://pypi.org/simple" }
sdist = { url = "https://files.pythonhosted.org/packages/72/94/1a15dd82efb362ac84269196e94cf00f187f7ed21c242792a923cdb1c61f/typing_extensions-4.15.0.tar.gz", hash = "sha256:0cea48d173cc12fa28ecabc3b837ea3cf6f38c6d1136f85cbaaf598984861466", size = 109391, upload-time = "2025-08-25T13:49:26.313Z" }
wheels = [
    { url = "https://files.pythonhosted.org/packages/18/67/36e9267722cc04a6b9f15c7f3441c2363321a3ea07da7ae0c0707beb2a9c/typing_extensions-4.15.0-py3-none-any.whl", hash = "sha256:f0fa19c6845758ab08074a0cfa8b7aecb71c999ca73d62883bc25cc018c4e548", size = 44614, upload-time = "2025-08-25T13:49:24.86Z" },
]
